
Microsoft Visual Studio Solution File, Format Version 12.00
# Visual Studio Version 16
VisualStudioVersion = 16.0.29806.167
MinimumVisualStudioVersion = 10.0.40219.1
Project("{FAE04EC0-301F-11D3-BF4B-00C04F79EFBC}") = "YourGarage", "YourGarage\YourGarage.csproj", "{C70007B5-2E49-4824-B534-D75B487D1C90}"
EndProject
Global
	GlobalSection(SolutionConfigurationPlatforms) = preSolution
		Debug|Any CPU = Debug|Any CPU
		Release|Any CPU = Release|Any CPU
	EndGlobalSection
	GlobalSection(ProjectConfigurationPlatforms) = postSolution
		{C70007B5-2E49-4824-B534-D75B487D1C90}.Debug|Any CPU.ActiveCfg = Debug|Any CPU
		{C70007B5-2E49-4824-B534-D75B487D1C90}.Debug|Any CPU.Build.0 = Debug|Any CPU
		{C70007B5-2E49-4824-B534-D75B487D1C90}.Release|Any CPU.ActiveCfg = Release|Any CPU
		{C70007B5-2E49-4824-B534-D75B487D1C90}.Release|Any CPU.Build.0 = Release|Any CPU
	EndGlobalSection
	GlobalSection(SolutionProperties) = preSolution
		HideSolutionNode = FALSE
	EndGlobalSection
	GlobalSection(ExtensibilityGlobals) = postSolution
		SolutionGuid = {7E5BA6C5-A4C4-4864-A5A2-0F23924393E9}
	EndGlobalSection
EndGlobal
